
Microsoft Visual Studio Solution File, Format Version 12.00
# Visual Studio Version 16
VisualStudioVersion = 16.0.30611.23
MinimumVisualStudioVersion = 10.0.40219.1
Project("{FAE04EC0-301F-11D3-BF4B-00C04F79EFBC}") = "constructorcahin", "constructorcahin\constructorcahin.csproj", "{60D20D30-CF0A-4439-AFB8-D1537B45C0A9}"
EndProject
Global
	GlobalSection(SolutionConfigurationPlatforms) = preSolution
		Debug|Any CPU = Debug|Any CPU
		Release|Any CPU = Release|Any CPU
	EndGlobalSection
	GlobalSection(ProjectConfigurationPlatforms) = postSolution
		{60D20D30-CF0A-4439-AFB8-D1537B45C0A9}.Debug|Any CPU.ActiveCfg = Debug|Any CPU
		{60D20D30-CF0A-4439-AFB8-D1537B45C0A9}.Debug|Any CPU.Build.0 = Debug|Any CPU
		{60D20D30-CF0A-4439-AFB8-D1537B45C0A9}.Release|Any CPU.ActiveCfg = Release|Any CPU
		{60D20D30-CF0A-4439-AFB8-D1537B45C0A9}.Release|Any CPU.Build.0 = Release|Any CPU
	EndGlobalSection
	GlobalSection(SolutionProperties) = preSolution
		HideSolutionNode = FALSE
	EndGlobalSection
	GlobalSection(ExtensibilityGlobals) = postSolution
		SolutionGuid = {5DD5FC49-50DA-48ED-823E-E179A563EC5C}
	EndGlobalSection
EndGlobal
