
Microsoft Visual Studio Solution File, Format Version 12.00
# Visual Studio Version 16
VisualStudioVersion = 16.0.30611.23
MinimumVisualStudioVersion = 10.0.40219.1
Project("{FAE04EC0-301F-11D3-BF4B-00C04F79EFBC}") = "assignment1", "assignment1\assignment1.csproj", "{EC80398C-F213-4BE4-A3DD-462B837F5292}"
EndProject
Global
	GlobalSection(SolutionConfigurationPlatforms) = preSolution
		Debug|Any CPU = Debug|Any CPU
		Release|Any CPU = Release|Any CPU
	EndGlobalSection
	GlobalSection(ProjectConfigurationPlatforms) = postSolution
		{EC80398C-F213-4BE4-A3DD-462B837F5292}.Debug|Any CPU.ActiveCfg = Debug|Any CPU
		{EC80398C-F213-4BE4-A3DD-462B837F5292}.Debug|Any CPU.Build.0 = Debug|Any CPU
		{EC80398C-F213-4BE4-A3DD-462B837F5292}.Release|Any CPU.ActiveCfg = Release|Any CPU
		{EC80398C-F213-4BE4-A3DD-462B837F5292}.Release|Any CPU.Build.0 = Release|Any CPU
	EndGlobalSection
	GlobalSection(SolutionProperties) = preSolution
		HideSolutionNode = FALSE
	EndGlobalSection
	GlobalSection(ExtensibilityGlobals) = postSolution
		SolutionGuid = {006A5516-2470-43F4-9819-7B47E4A4116B}
	EndGlobalSection
EndGlobal
