
Microsoft Visual Studio Solution File, Format Version 12.00
# Visual Studio Version 16
VisualStudioVersion = 16.0.30611.23
MinimumVisualStudioVersion = 10.0.40219.1
Project("{FAE04EC0-301F-11D3-BF4B-00C04F79EFBC}") = "exceptions", "exceptions\exceptions.csproj", "{1B8BB52B-D44D-4AF5-B7EF-55F5E0020AEE}"
EndProject
Global
	GlobalSection(SolutionConfigurationPlatforms) = preSolution
		Debug|Any CPU = Debug|Any CPU
		Release|Any CPU = Release|Any CPU
	EndGlobalSection
	GlobalSection(ProjectConfigurationPlatforms) = postSolution
		{1B8BB52B-D44D-4AF5-B7EF-55F5E0020AEE}.Debug|Any CPU.ActiveCfg = Debug|Any CPU
		{1B8BB52B-D44D-4AF5-B7EF-55F5E0020AEE}.Debug|Any CPU.Build.0 = Debug|Any CPU
		{1B8BB52B-D44D-4AF5-B7EF-55F5E0020AEE}.Release|Any CPU.ActiveCfg = Release|Any CPU
		{1B8BB52B-D44D-4AF5-B7EF-55F5E0020AEE}.Release|Any CPU.Build.0 = Release|Any CPU
	EndGlobalSection
	GlobalSection(SolutionProperties) = preSolution
		HideSolutionNode = FALSE
	EndGlobalSection
	GlobalSection(ExtensibilityGlobals) = postSolution
		SolutionGuid = {23D94524-C28D-4437-82B6-EA587352CD24}
	EndGlobalSection
EndGlobal
