
Microsoft Visual Studio Solution File, Format Version 12.00
# Visual Studio Version 16
VisualStudioVersion = 16.0.30611.23
MinimumVisualStudioVersion = 10.0.40219.1
Project("{FAE04EC0-301F-11D3-BF4B-00C04F79EFBC}") = "classes", "classes\classes.csproj", "{BD776FD5-46B9-49F6-9542-07A8546C288D}"
EndProject
Global
	GlobalSection(SolutionConfigurationPlatforms) = preSolution
		Debug|Any CPU = Debug|Any CPU
		Release|Any CPU = Release|Any CPU
	EndGlobalSection
	GlobalSection(ProjectConfigurationPlatforms) = postSolution
		{BD776FD5-46B9-49F6-9542-07A8546C288D}.Debug|Any CPU.ActiveCfg = Debug|Any CPU
		{BD776FD5-46B9-49F6-9542-07A8546C288D}.Debug|Any CPU.Build.0 = Debug|Any CPU
		{BD776FD5-46B9-49F6-9542-07A8546C288D}.Release|Any CPU.ActiveCfg = Release|Any CPU
		{BD776FD5-46B9-49F6-9542-07A8546C288D}.Release|Any CPU.Build.0 = Release|Any CPU
	EndGlobalSection
	GlobalSection(SolutionProperties) = preSolution
		HideSolutionNode = FALSE
	EndGlobalSection
	GlobalSection(ExtensibilityGlobals) = postSolution
		SolutionGuid = {6F958D18-3C61-465F-83C5-24691F67C600}
	EndGlobalSection
EndGlobal
