
Microsoft Visual Studio Solution File, Format Version 12.00
# Visual Studio Version 16
VisualStudioVersion = 16.0.30611.23
MinimumVisualStudioVersion = 10.0.40219.1
Project("{FAE04EC0-301F-11D3-BF4B-00C04F79EFBC}") = "while_and_dowhile", "while_and_dowhile\while_and_dowhile.csproj", "{F8B72E07-C3BD-4806-8C95-04CEA2002C88}"
EndProject
Global
	GlobalSection(SolutionConfigurationPlatforms) = preSolution
		Debug|Any CPU = Debug|Any CPU
		Release|Any CPU = Release|Any CPU
	EndGlobalSection
	GlobalSection(ProjectConfigurationPlatforms) = postSolution
		{F8B72E07-C3BD-4806-8C95-04CEA2002C88}.Debug|Any CPU.ActiveCfg = Debug|Any CPU
		{F8B72E07-C3BD-4806-8C95-04CEA2002C88}.Debug|Any CPU.Build.0 = Debug|Any CPU
		{F8B72E07-C3BD-4806-8C95-04CEA2002C88}.Release|Any CPU.ActiveCfg = Release|Any CPU
		{F8B72E07-C3BD-4806-8C95-04CEA2002C88}.Release|Any CPU.Build.0 = Release|Any CPU
	EndGlobalSection
	GlobalSection(SolutionProperties) = preSolution
		HideSolutionNode = FALSE
	EndGlobalSection
	GlobalSection(ExtensibilityGlobals) = postSolution
		SolutionGuid = {8D892EBE-76BE-4E72-8308-1D7474982BE0}
	EndGlobalSection
EndGlobal
