
Microsoft Visual Studio Solution File, Format Version 12.00
# Visual Studio Version 16
VisualStudioVersion = 16.0.30611.23
MinimumVisualStudioVersion = 10.0.40219.1
Project("{FAE04EC0-301F-11D3-BF4B-00C04F79EFBC}") = "Shippingquote", "Shippingquote\Shippingquote.csproj", "{5332444D-F7AA-45D1-A916-134772917315}"
EndProject
Global
	GlobalSection(SolutionConfigurationPlatforms) = preSolution
		Debug|Any CPU = Debug|Any CPU
		Release|Any CPU = Release|Any CPU
	EndGlobalSection
	GlobalSection(ProjectConfigurationPlatforms) = postSolution
		{5332444D-F7AA-45D1-A916-134772917315}.Debug|Any CPU.ActiveCfg = Debug|Any CPU
		{5332444D-F7AA-45D1-A916-134772917315}.Debug|Any CPU.Build.0 = Debug|Any CPU
		{5332444D-F7AA-45D1-A916-134772917315}.Release|Any CPU.ActiveCfg = Release|Any CPU
		{5332444D-F7AA-45D1-A916-134772917315}.Release|Any CPU.Build.0 = Release|Any CPU
	EndGlobalSection
	GlobalSection(SolutionProperties) = preSolution
		HideSolutionNode = FALSE
	EndGlobalSection
	GlobalSection(ExtensibilityGlobals) = postSolution
		SolutionGuid = {252509E0-0BAF-4210-9F46-851CA3E5D007}
	EndGlobalSection
EndGlobal
